PODS:
  - app_proxy (0.0.1):
    - Flutter
  - Flutter (1.0.0)

DEPENDENCIES:
  - app_proxy (from `.symlinks/plugins/app_proxy/ios`)
  - Flutter (from `Flutter`)

EXTERNAL SOURCES:
  app_proxy:
    :path: ".symlinks/plugins/app_proxy/ios"
  Flutter:
    :path: Flutter

SPEC CHECKSUMS:
  app_proxy: b65341808fa94dc8d3dbedd8fd0f2f0303853bda
  Flutter: 0e3d915762c693b495b44d77113d4970485de6ec

PODFILE CHECKSUM: c34e2287a9ccaa606aeceab922830efb9a6ff69a

COCOAPODS: 1.9.1
